
Microsoft Visual Studio Solution File, Format Version 12.00
# Visual Studio Version 16
VisualStudioVersion = 16.0.30523.141
MinimumVisualStudioVersion = 10.0.40219.1
Project("{FAE04EC0-301F-11D3-BF4B-00C04F79EFBC}") = "Aplikace1", "Aplikace1\Aplikace1.csproj", "{A60D33D7-3149-4B19-98C7-9BAD997469EB}"
EndProject
Global
	GlobalSection(SolutionConfigurationPlatforms) = preSolution
		Debug|Any CPU = Debug|Any CPU
		Release|Any CPU = Release|Any CPU
	EndGlobalSection
	GlobalSection(ProjectConfigurationPlatforms) = postSolution
		{A60D33D7-3149-4B19-98C7-9BAD997469EB}.Debug|Any CPU.ActiveCfg = Debug|Any CPU
		{A60D33D7-3149-4B19-98C7-9BAD997469EB}.Debug|Any CPU.Build.0 = Debug|Any CPU
		{A60D33D7-3149-4B19-98C7-9BAD997469EB}.Release|Any CPU.ActiveCfg = Release|Any CPU
		{A60D33D7-3149-4B19-98C7-9BAD997469EB}.Release|Any CPU.Build.0 = Release|Any CPU
	EndGlobalSection
	GlobalSection(SolutionProperties) = preSolution
		HideSolutionNode = FALSE
	EndGlobalSection
	GlobalSection(ExtensibilityGlobals) = postSolution
		SolutionGuid = {AF8C130C-E0B4-4355-B8B3-C7A95341F8E6}
	EndGlobalSection
EndGlobal
